
Microsoft Visual Studio Solution File, Format Version 12.00
Project("{FAE04EC0-301F-11D3-BF4B-00C04F79EFBC}") = "OgsSgfDownloader", "OgsSgfDownloader\OgsSgfDownloader.csproj", "{2DE3387D-2FF8-493C-A23C-5026D3FDB841}"
EndProject
Project("{FAE04EC0-301F-11D3-BF4B-00C04F79EFBC}") = "OgsSgfDownloaderTelegramBot", "OgsSgfDownloaderTelegramBot\OgsSgfDownloaderTelegramBot.csproj", "{06B9E165-B071-4F2B-8FDA-87DDEEBE17FE}"
EndProject
Global
	GlobalSection(SolutionConfigurationPlatforms) = preSolution
		Debug|Any CPU = Debug|Any CPU
		Release|Any CPU = Release|Any CPU
	EndGlobalSection
	GlobalSection(ProjectConfigurationPlatforms) = postSolution
		{2DE3387D-2FF8-493C-A23C-5026D3FDB841}.Debug|Any CPU.ActiveCfg = Debug|Any CPU
		{2DE3387D-2FF8-493C-A23C-5026D3FDB841}.Debug|Any CPU.Build.0 = Debug|Any CPU
		{2DE3387D-2FF8-493C-A23C-5026D3FDB841}.Release|Any CPU.ActiveCfg = Release|Any CPU
		{2DE3387D-2FF8-493C-A23C-5026D3FDB841}.Release|Any CPU.Build.0 = Release|Any CPU
		{06B9E165-B071-4F2B-8FDA-87DDEEBE17FE}.Debug|Any CPU.ActiveCfg = Debug|Any CPU
		{06B9E165-B071-4F2B-8FDA-87DDEEBE17FE}.Debug|Any CPU.Build.0 = Debug|Any CPU
		{06B9E165-B071-4F2B-8FDA-87DDEEBE17FE}.Release|Any CPU.ActiveCfg = Release|Any CPU
		{06B9E165-B071-4F2B-8FDA-87DDEEBE17FE}.Release|Any CPU.Build.0 = Release|Any CPU
	EndGlobalSection
EndGlobal
